
Microsoft Visual Studio Solution File, Format Version 12.00
# Visual Studio Version 17
VisualStudioVersion = 17.13.35818.85 d17.13
MinimumVisualStudioVersion = 10.0.40219.1
Project("{FAE04EC0-301F-11D3-BF4B-00C04F79EFBC}") = "WebApplication1", "WebApplication1\WebApplication1.csproj", "{1390CE06-19A1-430A-9F7C-E16E1D148552}"
EndProject
Global
	GlobalSection(SolutionConfigurationPlatforms) = preSolution
		Debug|Any CPU = Debug|Any CPU
		Release|Any CPU = Release|Any CPU
	EndGlobalSection
	GlobalSection(ProjectConfigurationPlatforms) = postSolution
		{1390CE06-19A1-430A-9F7C-E16E1D148552}.Debug|Any CPU.ActiveCfg = Debug|Any CPU
		{1390CE06-19A1-430A-9F7C-E16E1D148552}.Debug|Any CPU.Build.0 = Debug|Any CPU
		{1390CE06-19A1-430A-9F7C-E16E1D148552}.Release|Any CPU.ActiveCfg = Release|Any CPU
		{1390CE06-19A1-430A-9F7C-E16E1D148552}.Release|Any CPU.Build.0 = Release|Any CPU
	EndGlobalSection
	GlobalSection(SolutionProperties) = preSolution
		HideSolutionNode = FALSE
	EndGlobalSection
	GlobalSection(ExtensibilityGlobals) = postSolution
		SolutionGuid = {BD461B60-27A5-4058-BD1F-04FC223C8B5B}
	EndGlobalSection
EndGlobal
